
Microsoft Visual Studio Solution File, Format Version 12.00
# Visual Studio Version 17
VisualStudioVersion = 17.13.35931.197 d17.13
MinimumVisualStudioVersion = 10.0.40219.1
Project("{FAE04EC0-301F-11D3-BF4B-00C04F79EFBC}") = "ASSY_CALLAMR", "ASSY_CALLARM\ASSY_CALLAMR.csproj", "{987429FD-1EDD-469F-990B-FA61C987CC40}"
EndProject
Global
	GlobalSection(SolutionConfigurationPlatforms) = preSolution
		Debug|Any CPU = Debug|Any CPU
		Release|Any CPU = Release|Any CPU
	EndGlobalSection
	GlobalSection(ProjectConfigurationPlatforms) = postSolution
		{987429FD-1EDD-469F-990B-FA61C987CC40}.Debug|Any CPU.ActiveCfg = Debug|Any CPU
		{987429FD-1EDD-469F-990B-FA61C987CC40}.Debug|Any CPU.Build.0 = Debug|Any CPU
		{987429FD-1EDD-469F-990B-FA61C987CC40}.Release|Any CPU.ActiveCfg = Release|Any CPU
		{987429FD-1EDD-469F-990B-FA61C987CC40}.Release|Any CPU.Build.0 = Release|Any CPU
	EndGlobalSection
	GlobalSection(SolutionProperties) = preSolution
		HideSolutionNode = FALSE
	EndGlobalSection
	GlobalSection(ExtensibilityGlobals) = postSolution
		SolutionGuid = {717BC07C-D4F9-499E-8386-484C42F73000}
	EndGlobalSection
EndGlobal
